
Microsoft Visual Studio Solution File, Format Version 12.00
# Visual Studio Version 17
VisualStudioVersion = 17.0.31903.59
MinimumVisualStudioVersion = 10.0.40219.1
Project("{2150E333-8FDC-42A3-9474-1A3956D46DE8}") = "src", "src", "{B247D917-2183-450E-9B34-4E4A002AC203}"
EndProject
Project("{2150E333-8FDC-42A3-9474-1A3956D46DE8}") = "Backend", "Backend", "{C89C881A-68C5-4496-B288-FD9EDFAD9E32}"
EndProject
Project("{FAE04EC0-301F-11D3-BF4B-00C04F79EFBC}") = "MyRecipeBook.API", "src\Backend\MyRecipeBook.API\MyRecipeBook.API.csproj", "{14B0032A-130B-43E0-8D4D-7D2A4D62942A}"
EndProject
Project("{FAE04EC0-301F-11D3-BF4B-00C04F79EFBC}") = "MyRecipeBook.Application", "src\Backend\MyRecipeBook.Application\MyRecipeBook.Application.csproj", "{A961B2EC-C07A-480F-8DE6-A44ED5967CD8}"
EndProject
Project("{FAE04EC0-301F-11D3-BF4B-00C04F79EFBC}") = "MyRecipeBook.Domain", "src\Backend\MyRecipeBook.Domain\MyRecipeBook.Domain.csproj", "{D4C80FCE-D8C4-4E42-A69D-E90A4A3CBE88}"
EndProject
Project("{FAE04EC0-301F-11D3-BF4B-00C04F79EFBC}") = "MyRecipeBook.Infrastructure", "src\Backend\MyRecipeBook.Infrastructure\MyRecipeBook.Infrastructure.csproj", "{30A0FDE6-EB88-423C-91C7-9DD2B001EFFF}"
EndProject
Project("{2150E333-8FDC-42A3-9474-1A3956D46DE8}") = "Shared", "Shared", "{DB2FF43E-2BD6-4992-8C6F-139AAC4360D8}"
EndProject
Project("{FAE04EC0-301F-11D3-BF4B-00C04F79EFBC}") = "MyRecipeBook.Communication", "src\Shared\MyRecipeBook.Communication\MyRecipeBook.Communication.csproj", "{514124DA-0547-40BB-9872-533E6A98C144}"
EndProject
Project("{FAE04EC0-301F-11D3-BF4B-00C04F79EFBC}") = "MyRecipeBook.Exceptions", "src\Shared\MyRecipeBook.Exceptions\MyRecipeBook.Exceptions.csproj", "{C54E8244-7C94-4D1E-809F-3B898329A63D}"
EndProject
Global
	GlobalSection(SolutionConfigurationPlatforms) = preSolution
		Debug|Any CPU = Debug|Any CPU
		Release|Any CPU = Release|Any CPU
	EndGlobalSection
	GlobalSection(SolutionProperties) = preSolution
		HideSolutionNode = FALSE
	EndGlobalSection
	GlobalSection(ProjectConfigurationPlatforms) = postSolution
		{14B0032A-130B-43E0-8D4D-7D2A4D62942A}.Debug|Any CPU.ActiveCfg = Debug|Any CPU
		{14B0032A-130B-43E0-8D4D-7D2A4D62942A}.Debug|Any CPU.Build.0 = Debug|Any CPU
		{14B0032A-130B-43E0-8D4D-7D2A4D62942A}.Release|Any CPU.ActiveCfg = Release|Any CPU
		{14B0032A-130B-43E0-8D4D-7D2A4D62942A}.Release|Any CPU.Build.0 = Release|Any CPU
		{A961B2EC-C07A-480F-8DE6-A44ED5967CD8}.Debug|Any CPU.ActiveCfg = Debug|Any CPU
		{A961B2EC-C07A-480F-8DE6-A44ED5967CD8}.Debug|Any CPU.Build.0 = Debug|Any CPU
		{A961B2EC-C07A-480F-8DE6-A44ED5967CD8}.Release|Any CPU.ActiveCfg = Release|Any CPU
		{A961B2EC-C07A-480F-8DE6-A44ED5967CD8}.Release|Any CPU.Build.0 = Release|Any CPU
		{D4C80FCE-D8C4-4E42-A69D-E90A4A3CBE88}.Debug|Any CPU.ActiveCfg = Debug|Any CPU
		{D4C80FCE-D8C4-4E42-A69D-E90A4A3CBE88}.Debug|Any CPU.Build.0 = Debug|Any CPU
		{D4C80FCE-D8C4-4E42-A69D-E90A4A3CBE88}.Release|Any CPU.ActiveCfg = Release|Any CPU
		{D4C80FCE-D8C4-4E42-A69D-E90A4A3CBE88}.Release|Any CPU.Build.0 = Release|Any CPU
		{30A0FDE6-EB88-423C-91C7-9DD2B001EFFF}.Debug|Any CPU.ActiveCfg = Debug|Any CPU
		{30A0FDE6-EB88-423C-91C7-9DD2B001EFFF}.Debug|Any CPU.Build.0 = Debug|Any CPU
		{30A0FDE6-EB88-423C-91C7-9DD2B001EFFF}.Release|Any CPU.ActiveCfg = Release|Any CPU
		{30A0FDE6-EB88-423C-91C7-9DD2B001EFFF}.Release|Any CPU.Build.0 = Release|Any CPU
		{514124DA-0547-40BB-9872-533E6A98C144}.Debug|Any CPU.ActiveCfg = Debug|Any CPU
		{514124DA-0547-40BB-9872-533E6A98C144}.Debug|Any CPU.Build.0 = Debug|Any CPU
		{514124DA-0547-40BB-9872-533E6A98C144}.Release|Any CPU.ActiveCfg = Release|Any CPU
		{514124DA-0547-40BB-9872-533E6A98C144}.Release|Any CPU.Build.0 = Release|Any CPU
		{C54E8244-7C94-4D1E-809F-3B898329A63D}.Debug|Any CPU.ActiveCfg = Debug|Any CPU
		{C54E8244-7C94-4D1E-809F-3B898329A63D}.Debug|Any CPU.Build.0 = Debug|Any CPU
		{C54E8244-7C94-4D1E-809F-3B898329A63D}.Release|Any CPU.ActiveCfg = Release|Any CPU
		{C54E8244-7C94-4D1E-809F-3B898329A63D}.Release|Any CPU.Build.0 = Release|Any CPU
	EndGlobalSection
	GlobalSection(NestedProjects) = preSolution
		{C89C881A-68C5-4496-B288-FD9EDFAD9E32} = {B247D917-2183-450E-9B34-4E4A002AC203}
		{14B0032A-130B-43E0-8D4D-7D2A4D62942A} = {C89C881A-68C5-4496-B288-FD9EDFAD9E32}
		{A961B2EC-C07A-480F-8DE6-A44ED5967CD8} = {C89C881A-68C5-4496-B288-FD9EDFAD9E32}
		{D4C80FCE-D8C4-4E42-A69D-E90A4A3CBE88} = {C89C881A-68C5-4496-B288-FD9EDFAD9E32}
		{30A0FDE6-EB88-423C-91C7-9DD2B001EFFF} = {C89C881A-68C5-4496-B288-FD9EDFAD9E32}
		{DB2FF43E-2BD6-4992-8C6F-139AAC4360D8} = {B247D917-2183-450E-9B34-4E4A002AC203}
		{514124DA-0547-40BB-9872-533E6A98C144} = {DB2FF43E-2BD6-4992-8C6F-139AAC4360D8}
		{C54E8244-7C94-4D1E-809F-3B898329A63D} = {DB2FF43E-2BD6-4992-8C6F-139AAC4360D8}
	EndGlobalSection
EndGlobal
