
Microsoft Visual Studio Solution File, Format Version 12.00
# Visual Studio Version 17
VisualStudioVersion = 17.0.31903.59
MinimumVisualStudioVersion = 10.0.40219.1
Project("{2150E333-8FDC-42A3-9474-1A3956D46DE8}") = "src", "src", "{D613FFD1-FF58-46C0-823C-9903CFC4861A}"
EndProject
Project("{2150E333-8FDC-42A3-9474-1A3956D46DE8}") = "Backend", "Backend", "{5CF12543-CF46-42D0-8220-8F317B012A05}"
EndProject
Project("{FAE04EC0-301F-11D3-BF4B-00C04F79EFBC}") = "MyRecipeBook.API", "src\Backend\MyRecipeBook.API\MyRecipeBook.API.csproj", "{501099DB-3611-45AB-9BCD-E87262CB1688}"
EndProject
Project("{FAE04EC0-301F-11D3-BF4B-00C04F79EFBC}") = "MyRecipeBook.Application", "src\Backend\MyRecipeBook.Application\MyRecipeBook.Application.csproj", "{D83DC765-9408-4301-B11B-B1375B53375F}"
EndProject
Project("{FAE04EC0-301F-11D3-BF4B-00C04F79EFBC}") = "MyRecipeBook.Domain", "src\Backend\MyRecipeBook.Domain\MyRecipeBook.Domain.csproj", "{16D8DAD3-FCE0-4633-862E-393A1DD25071}"
EndProject
Project("{FAE04EC0-301F-11D3-BF4B-00C04F79EFBC}") = "MyRecipeBook.Infrastructure", "src\Backend\MyRecipeBook.Infrastructure\MyRecipeBook.Infrastructure.csproj", "{03D1D2F1-02FA-47DD-84DE-9CB2BA6D9C95}"
EndProject
Project("{2150E333-8FDC-42A3-9474-1A3956D46DE8}") = "Shared", "Shared", "{8D565A17-A5E1-40EA-8C59-2D6369A65D3B}"
EndProject
Project("{FAE04EC0-301F-11D3-BF4B-00C04F79EFBC}") = "MyRecipeBook.Communication", "src\Shared\MyRecipeBook.Communication\MyRecipeBook.Communication.csproj", "{A7EE500E-BD83-4025-8972-9A746AAC0B50}"
EndProject
Project("{FAE04EC0-301F-11D3-BF4B-00C04F79EFBC}") = "MyRecipeBook.Exceptions", "src\Shared\MyRecipeBook.Exceptions\MyRecipeBook.Exceptions.csproj", "{D7D1BB8B-F568-4196-ADC0-19648CA6F79E}"
EndProject
Global
	GlobalSection(SolutionConfigurationPlatforms) = preSolution
		Debug|Any CPU = Debug|Any CPU
		Release|Any CPU = Release|Any CPU
	EndGlobalSection
	GlobalSection(SolutionProperties) = preSolution
		HideSolutionNode = FALSE
	EndGlobalSection
	GlobalSection(ProjectConfigurationPlatforms) = postSolution
		{501099DB-3611-45AB-9BCD-E87262CB1688}.Debug|Any CPU.ActiveCfg = Debug|Any CPU
		{501099DB-3611-45AB-9BCD-E87262CB1688}.Debug|Any CPU.Build.0 = Debug|Any CPU
		{501099DB-3611-45AB-9BCD-E87262CB1688}.Release|Any CPU.ActiveCfg = Release|Any CPU
		{501099DB-3611-45AB-9BCD-E87262CB1688}.Release|Any CPU.Build.0 = Release|Any CPU
		{D83DC765-9408-4301-B11B-B1375B53375F}.Debug|Any CPU.ActiveCfg = Debug|Any CPU
		{D83DC765-9408-4301-B11B-B1375B53375F}.Debug|Any CPU.Build.0 = Debug|Any CPU
		{D83DC765-9408-4301-B11B-B1375B53375F}.Release|Any CPU.ActiveCfg = Release|Any CPU
		{D83DC765-9408-4301-B11B-B1375B53375F}.Release|Any CPU.Build.0 = Release|Any CPU
		{16D8DAD3-FCE0-4633-862E-393A1DD25071}.Debug|Any CPU.ActiveCfg = Debug|Any CPU
		{16D8DAD3-FCE0-4633-862E-393A1DD25071}.Debug|Any CPU.Build.0 = Debug|Any CPU
		{16D8DAD3-FCE0-4633-862E-393A1DD25071}.Release|Any CPU.ActiveCfg = Release|Any CPU
		{16D8DAD3-FCE0-4633-862E-393A1DD25071}.Release|Any CPU.Build.0 = Release|Any CPU
		{03D1D2F1-02FA-47DD-84DE-9CB2BA6D9C95}.Debug|Any CPU.ActiveCfg = Debug|Any CPU
		{03D1D2F1-02FA-47DD-84DE-9CB2BA6D9C95}.Debug|Any CPU.Build.0 = Debug|Any CPU
		{03D1D2F1-02FA-47DD-84DE-9CB2BA6D9C95}.Release|Any CPU.ActiveCfg = Release|Any CPU
		{03D1D2F1-02FA-47DD-84DE-9CB2BA6D9C95}.Release|Any CPU.Build.0 = Release|Any CPU
		{A7EE500E-BD83-4025-8972-9A746AAC0B50}.Debug|Any CPU.ActiveCfg = Debug|Any CPU
		{A7EE500E-BD83-4025-8972-9A746AAC0B50}.Debug|Any CPU.Build.0 = Debug|Any CPU
		{A7EE500E-BD83-4025-8972-9A746AAC0B50}.Release|Any CPU.ActiveCfg = Release|Any CPU
		{A7EE500E-BD83-4025-8972-9A746AAC0B50}.Release|Any CPU.Build.0 = Release|Any CPU
		{D7D1BB8B-F568-4196-ADC0-19648CA6F79E}.Debug|Any CPU.ActiveCfg = Debug|Any CPU
		{D7D1BB8B-F568-4196-ADC0-19648CA6F79E}.Debug|Any CPU.Build.0 = Debug|Any CPU
		{D7D1BB8B-F568-4196-ADC0-19648CA6F79E}.Release|Any CPU.ActiveCfg = Release|Any CPU
		{D7D1BB8B-F568-4196-ADC0-19648CA6F79E}.Release|Any CPU.Build.0 = Release|Any CPU
	EndGlobalSection
	GlobalSection(NestedProjects) = preSolution
		{5CF12543-CF46-42D0-8220-8F317B012A05} = {D613FFD1-FF58-46C0-823C-9903CFC4861A}
		{501099DB-3611-45AB-9BCD-E87262CB1688} = {5CF12543-CF46-42D0-8220-8F317B012A05}
		{D83DC765-9408-4301-B11B-B1375B53375F} = {5CF12543-CF46-42D0-8220-8F317B012A05}
		{16D8DAD3-FCE0-4633-862E-393A1DD25071} = {5CF12543-CF46-42D0-8220-8F317B012A05}
		{03D1D2F1-02FA-47DD-84DE-9CB2BA6D9C95} = {5CF12543-CF46-42D0-8220-8F317B012A05}
		{8D565A17-A5E1-40EA-8C59-2D6369A65D3B} = {D613FFD1-FF58-46C0-823C-9903CFC4861A}
		{A7EE500E-BD83-4025-8972-9A746AAC0B50} = {8D565A17-A5E1-40EA-8C59-2D6369A65D3B}
		{D7D1BB8B-F568-4196-ADC0-19648CA6F79E} = {8D565A17-A5E1-40EA-8C59-2D6369A65D3B}
	EndGlobalSection
EndGlobal
