
Microsoft Visual Studio Solution File, Format Version 12.00
# Visual Studio Version 17
VisualStudioVersion = 17.0.31903.59
MinimumVisualStudioVersion = 10.0.40219.1
Project("{2150E333-8FDC-42A3-9474-1A3956D46DE8}") = "src", "src", "{D613FFD1-FF58-46C0-823C-9903CFC4861A}"
EndProject
Project("{2150E333-8FDC-42A3-9474-1A3956D46DE8}") = "Backend", "Backend", "{5CF12543-CF46-42D0-8220-8F317B012A05}"
EndProject
Project("{FAE04EC0-301F-11D3-BF4B-00C04F79EFBC}") = "MyRecipeBook.API", "src\Backend\MyRecipeBook.API\MyRecipeBook.API.csproj", "{501099DB-3611-45AB-9BCD-E87262CB1688}"
EndProject
Global
	GlobalSection(SolutionConfigurationPlatforms) = preSolution
		Debug|Any CPU = Debug|Any CPU
		Release|Any CPU = Release|Any CPU
	EndGlobalSection
	GlobalSection(SolutionProperties) = preSolution
		HideSolutionNode = FALSE
	EndGlobalSection
	GlobalSection(ProjectConfigurationPlatforms) = postSolution
		{501099DB-3611-45AB-9BCD-E87262CB1688}.Debug|Any CPU.ActiveCfg = Debug|Any CPU
		{501099DB-3611-45AB-9BCD-E87262CB1688}.Debug|Any CPU.Build.0 = Debug|Any CPU
		{501099DB-3611-45AB-9BCD-E87262CB1688}.Release|Any CPU.ActiveCfg = Release|Any CPU
		{501099DB-3611-45AB-9BCD-E87262CB1688}.Release|Any CPU.Build.0 = Release|Any CPU
	EndGlobalSection
	GlobalSection(NestedProjects) = preSolution
		{5CF12543-CF46-42D0-8220-8F317B012A05} = {D613FFD1-FF58-46C0-823C-9903CFC4861A}
		{501099DB-3611-45AB-9BCD-E87262CB1688} = {5CF12543-CF46-42D0-8220-8F317B012A05}
	EndGlobalSection
EndGlobal
